
Microsoft Visual Studio Solution File, Format Version 12.00
# Visual Studio Version 17
VisualStudioVersion = 17.12.35527.113
MinimumVisualStudioVersion = 10.0.40219.1
Project("{2150E333-8FDC-42A3-9474-1A3956D46DE8}") = "Core", "Core", "{793EDF00-4820-49D0-A5B0-967FD824ADBB}"
EndProject
Project("{FAE04EC0-301F-11D3-BF4B-00C04F79EFBC}") = "Domain", "Core\Domain\Domain.csproj", "{FE61CE3F-F644-4D29-BE04-B183A42879B0}"
EndProject
Project("{FAE04EC0-301F-11D3-BF4B-00C04F79EFBC}") = "Services.Abstractions", "Core\Services.Abstractions\Services.Abstractions.csproj", "{A173BA38-E580-44DB-B337-378CADD824C9}"
EndProject
Project("{FAE04EC0-301F-11D3-BF4B-00C04F79EFBC}") = "Shared", "Shared\Shared.csproj", "{491C67B4-31C3-444A-A2A8-C6A5117A0230}"
EndProject
Project("{FAE04EC0-301F-11D3-BF4B-00C04F79EFBC}") = "Service", "Core\Service\Service.csproj", "{4D2336E6-7453-4104-AEAE-85157E2C62C2}"
EndProject
Project("{FAE04EC0-301F-11D3-BF4B-00C04F79EFBC}") = "Presistence", "Infrastructure\Presistence\Presistence.csproj", "{BBFFCC91-08F0-4466-A881-4BCB56CB3617}"
EndProject
Project("{2150E333-8FDC-42A3-9474-1A3956D46DE8}") = "Infrastructure", "Infrastructure", "{4DF39AEA-E6DB-481C-8F83-623002D82A9A}"
EndProject
Project("{FAE04EC0-301F-11D3-BF4B-00C04F79EFBC}") = "Presentation", "Infrastructure\Presentation\Presentation.csproj", "{828ADB48-F23E-4328-BA34-5CA67EFC04A0}"
EndProject
Project("{FAE04EC0-301F-11D3-BF4B-00C04F79EFBC}") = "Route.Store.Api", "Route.Store.Api\Route.Store.Api.csproj", "{A72814BD-A758-45AD-A339-4C22D799F8BD}"
EndProject
Global
	GlobalSection(SolutionConfigurationPlatforms) = preSolution
		Debug|Any CPU = Debug|Any CPU
		Release|Any CPU = Release|Any CPU
	EndGlobalSection
	GlobalSection(ProjectConfigurationPlatforms) = postSolution
		{FE61CE3F-F644-4D29-BE04-B183A42879B0}.Debug|Any CPU.ActiveCfg = Debug|Any CPU
		{FE61CE3F-F644-4D29-BE04-B183A42879B0}.Debug|Any CPU.Build.0 = Debug|Any CPU
		{FE61CE3F-F644-4D29-BE04-B183A42879B0}.Release|Any CPU.ActiveCfg = Release|Any CPU
		{FE61CE3F-F644-4D29-BE04-B183A42879B0}.Release|Any CPU.Build.0 = Release|Any CPU
		{A173BA38-E580-44DB-B337-378CADD824C9}.Debug|Any CPU.ActiveCfg = Debug|Any CPU
		{A173BA38-E580-44DB-B337-378CADD824C9}.Debug|Any CPU.Build.0 = Debug|Any CPU
		{A173BA38-E580-44DB-B337-378CADD824C9}.Release|Any CPU.ActiveCfg = Release|Any CPU
		{A173BA38-E580-44DB-B337-378CADD824C9}.Release|Any CPU.Build.0 = Release|Any CPU
		{491C67B4-31C3-444A-A2A8-C6A5117A0230}.Debug|Any CPU.ActiveCfg = Debug|Any CPU
		{491C67B4-31C3-444A-A2A8-C6A5117A0230}.Debug|Any CPU.Build.0 = Debug|Any CPU
		{491C67B4-31C3-444A-A2A8-C6A5117A0230}.Release|Any CPU.ActiveCfg = Release|Any CPU
		{491C67B4-31C3-444A-A2A8-C6A5117A0230}.Release|Any CPU.Build.0 = Release|Any CPU
		{4D2336E6-7453-4104-AEAE-85157E2C62C2}.Debug|Any CPU.ActiveCfg = Debug|Any CPU
		{4D2336E6-7453-4104-AEAE-85157E2C62C2}.Debug|Any CPU.Build.0 = Debug|Any CPU
		{4D2336E6-7453-4104-AEAE-85157E2C62C2}.Release|Any CPU.ActiveCfg = Release|Any CPU
		{4D2336E6-7453-4104-AEAE-85157E2C62C2}.Release|Any CPU.Build.0 = Release|Any CPU
		{BBFFCC91-08F0-4466-A881-4BCB56CB3617}.Debug|Any CPU.ActiveCfg = Debug|Any CPU
		{BBFFCC91-08F0-4466-A881-4BCB56CB3617}.Debug|Any CPU.Build.0 = Debug|Any CPU
		{BBFFCC91-08F0-4466-A881-4BCB56CB3617}.Release|Any CPU.ActiveCfg = Release|Any CPU
		{BBFFCC91-08F0-4466-A881-4BCB56CB3617}.Release|Any CPU.Build.0 = Release|Any CPU
		{828ADB48-F23E-4328-BA34-5CA67EFC04A0}.Debug|Any CPU.ActiveCfg = Debug|Any CPU
		{828ADB48-F23E-4328-BA34-5CA67EFC04A0}.Debug|Any CPU.Build.0 = Debug|Any CPU
		{828ADB48-F23E-4328-BA34-5CA67EFC04A0}.Release|Any CPU.ActiveCfg = Release|Any CPU
		{828ADB48-F23E-4328-BA34-5CA67EFC04A0}.Release|Any CPU.Build.0 = Release|Any CPU
		{A72814BD-A758-45AD-A339-4C22D799F8BD}.Debug|Any CPU.ActiveCfg = Debug|Any CPU
		{A72814BD-A758-45AD-A339-4C22D799F8BD}.Debug|Any CPU.Build.0 = Debug|Any CPU
		{A72814BD-A758-45AD-A339-4C22D799F8BD}.Release|Any CPU.ActiveCfg = Release|Any CPU
		{A72814BD-A758-45AD-A339-4C22D799F8BD}.Release|Any CPU.Build.0 = Release|Any CPU
	EndGlobalSection
	GlobalSection(SolutionProperties) = preSolution
		HideSolutionNode = FALSE
	EndGlobalSection
	GlobalSection(NestedProjects) = preSolution
		{FE61CE3F-F644-4D29-BE04-B183A42879B0} = {793EDF00-4820-49D0-A5B0-967FD824ADBB}
		{A173BA38-E580-44DB-B337-378CADD824C9} = {793EDF00-4820-49D0-A5B0-967FD824ADBB}
		{4D2336E6-7453-4104-AEAE-85157E2C62C2} = {793EDF00-4820-49D0-A5B0-967FD824ADBB}
		{BBFFCC91-08F0-4466-A881-4BCB56CB3617} = {4DF39AEA-E6DB-481C-8F83-623002D82A9A}
		{828ADB48-F23E-4328-BA34-5CA67EFC04A0} = {4DF39AEA-E6DB-481C-8F83-623002D82A9A}
	EndGlobalSection
EndGlobal
